
Microsoft Visual Studio Solution File, Format Version 12.00
# Visual Studio Version 17
VisualStudioVersion = 17.9.34622.214
MinimumVisualStudioVersion = 10.0.40219.1
Project("{FAE04EC0-301F-11D3-BF4B-00C04F79EFBC}") = "CyberSecurityChatbotGUI", "CyberSecurityChatbotGUI\CyberSecurityChatbotGUI.csproj", "{839576D8-AE76-4BBF-AAFA-D0DF1D59CB3C}"
EndProject
Global
	GlobalSection(SolutionConfigurationPlatforms) = preSolution
		Debug|Any CPU = Debug|Any CPU
		Release|Any CPU = Release|Any CPU
	EndGlobalSection
	GlobalSection(ProjectConfigurationPlatforms) = postSolution
		{839576D8-AE76-4BBF-AAFA-D0DF1D59CB3C}.Debug|Any CPU.ActiveCfg = Debug|Any CPU
		{839576D8-AE76-4BBF-AAFA-D0DF1D59CB3C}.Debug|Any CPU.Build.0 = Debug|Any CPU
		{839576D8-AE76-4BBF-AAFA-D0DF1D59CB3C}.Release|Any CPU.ActiveCfg = Release|Any CPU
		{839576D8-AE76-4BBF-AAFA-D0DF1D59CB3C}.Release|Any CPU.Build.0 = Release|Any CPU
	EndGlobalSection
	GlobalSection(SolutionProperties) = preSolution
		HideSolutionNode = FALSE
	EndGlobalSection
	GlobalSection(ExtensibilityGlobals) = postSolution
		SolutionGuid = {570576A5-3000-4EA2-83CB-D33D630E0E76}
	EndGlobalSection
EndGlobal
